// !$*UTF8*$!
{
	archiveVersion = 1;
	classes = {
	};
	objectVersion = 46;
	objects = {

/* Begin PBXBuildFile section */
		94056BA81D141EC100EDBC46 /* ofxMediaWiki.cpp in Sources */ = {isa = PBXBuildFile; fileRef = 94056BA51D141EC100EDBC46 /* ofxMediaWiki.cpp */; };
		94056BAE1D141ED100EDBC46 /* ofxHttpUtils.cpp in Sources */ = {isa = PBXBuildFile; fileRef = 94056BAC1D141ED100EDBC46 /* ofxHttpUtils.cpp */; };
		94056CC41D141EE700EDBC46 /* ofxOscBundle.cpp in Sources */ = {isa = PBXBuildFile; fileRef = 94056C9D1D141EE700EDBC46 /* ofxOscBundle.cpp */; };
		94056CC51D141EE700EDBC46 /* ofxOscMessage.cpp in Sources */ = {isa = PBXBuildFile; fileRef = 94056C9F1D141EE700EDBC46 /* ofxOscMessage.cpp */; };
		94056CC61D141EE700EDBC46 /* ofxOscParameterSync.cpp in Sources */ = {isa = PBXBuildFile; fileRef = 94056CA11D141EE700EDBC46 /* ofxOscParameterSync.cpp */; };
		94056CC71D141EE700EDBC46 /* ofxOscReceiver.cpp in Sources */ = {isa = PBXBuildFile; fileRef = 94056CA31D141EE700EDBC46 /* ofxOscReceiver.cpp */; };
		94056CC81D141EE700EDBC46 /* ofxOscSender.cpp in Sources */ = {isa = PBXBuildFile; fileRef = 94056CA51D141EE700EDBC46 /* ofxOscSender.cpp */; };
		94056CC91D141EE700EDBC46 /* IpEndpointName.cpp in Sources */ = {isa = PBXBuildFile; fileRef = 94056CAB1D141EE700EDBC46 /* IpEndpointName.cpp */; };
		94056CCA1D141EE700EDBC46 /* NetworkingUtils.cpp in Sources */ = {isa = PBXBuildFile; fileRef = 94056CB01D141EE700EDBC46 /* NetworkingUtils.cpp */; };
		94056CCB1D141EE700EDBC46 /* UdpSocket.cpp in Sources */ = {isa = PBXBuildFile; fileRef = 94056CB11D141EE700EDBC46 /* UdpSocket.cpp */; };
		94056CCC1D141EE700EDBC46 /* OscOutboundPacketStream.cpp in Sources */ = {isa = PBXBuildFile; fileRef = 94056CBB1D141EE700EDBC46 /* OscOutboundPacketStream.cpp */; };
		94056CCD1D141EE700EDBC46 /* OscPrintReceivedElements.cpp in Sources */ = {isa = PBXBuildFile; fileRef = 94056CBE1D141EE700EDBC46 /* OscPrintReceivedElements.cpp */; };
		94056CCE1D141EE700EDBC46 /* OscReceivedElements.cpp in Sources */ = {isa = PBXBuildFile; fileRef = 94056CC01D141EE700EDBC46 /* OscReceivedElements.cpp */; };
		94056CCF1D141EE700EDBC46 /* OscTypes.cpp in Sources */ = {isa = PBXBuildFile; fileRef = 94056CC21D141EE700EDBC46 /* OscTypes.cpp */; };
		E4328149138ABC9F0047C5CB /* openFrameworksDebug.a in Frameworks */ = {isa = PBXBuildFile; fileRef = E4328148138ABC890047C5CB /* openFrameworksDebug.a */; };
		E4B69E200A3A1BDC003C02F2 /* main.cpp in Sources */ = {isa = PBXBuildFile; fileRef = E4B69E1D0A3A1BDC003C02F2 /* main.cpp */; };
		E4B69E210A3A1BDC003C02F2 /* ofApp.cpp in Sources */ = {isa = PBXBuildFile; fileRef = E4B69E1E0A3A1BDC003C02F2 /* ofApp.cpp */; };
/* End PBXBuildFile section */

/* Begin PBXContainerItemProxy section */
		E4328147138ABC890047C5CB /* PBXContainerItemProxy */ = {
			isa = PBXContainerItemProxy;
			containerPortal = E4328143138ABC890047C5CB /* openFrameworksLib.xcodeproj */;
			proxyType = 2;
			remoteGlobalIDString = E4B27C1510CBEB8E00536013;
			remoteInfo = openFrameworks;
		};
		E4EEB9AB138B136A00A80321 /* PBXContainerItemProxy */ = {
			isa = PBXContainerItemProxy;
			containerPortal = E4328143138ABC890047C5CB /* openFrameworksLib.xcodeproj */;
			proxyType = 1;
			remoteGlobalIDString = E4B27C1410CBEB8E00536013;
			remoteInfo = openFrameworks;
		};
/* End PBXContainerItemProxy section */

/* Begin PBXCopyFilesBuildPhase section */
		E4C2427710CC5ABF004149E2 /* CopyFiles */ = {
			isa = PBXCopyFilesBuildPhase;
			buildActionMask = 2147483647;
			dstPath = "";
			dstSubfolderSpec = 10;
			files = (
			);
			runOnlyForDeploymentPostprocessing = 0;
		};
/* End PBXCopyFilesBuildPhase section */

/* Begin PBXFileReference section */
		94056BA51D141EC100EDBC46 /* ofxMediaWiki.cpp */ = {isa = PBXFileReference; lastKnownFileType = sourcecode.cpp.cpp; path = ofxMediaWiki.cpp; sourceTree = "<group>"; };
		94056BA61D141EC100EDBC46 /* ofxMediaWiki.hpp */ = {isa = PBXFileReference; lastKnownFileType = sourcecode.cpp.h; path = ofxMediaWiki.hpp; sourceTree = "<group>"; };
		94056BA71D141EC100EDBC46 /* ofxTextWriter.h */ = {isa = PBXFileReference; lastKnownFileType = sourcecode.c.h; path = ofxTextWriter.h; sourceTree = "<group>"; };
		94056BAB1D141ED100EDBC46 /* ofxHttpTypes.h */ = {isa = PBXFileReference; lastKnownFileType = sourcecode.c.h; path = ofxHttpTypes.h; sourceTree = "<group>"; };
		94056BAC1D141ED100EDBC46 /* ofxHttpUtils.cpp */ = {isa = PBXFileReference; lastKnownFileType = sourcecode.cpp.cpp; path = ofxHttpUtils.cpp; sourceTree = "<group>"; };
		94056BAD1D141ED100EDBC46 /* ofxHttpUtils.h */ = {isa = PBXFileReference; lastKnownFileType = sourcecode.c.h; path = ofxHttpUtils.h; sourceTree = "<group>"; };
		94056C9B1D141EE700EDBC46 /* ofxOsc.h */ = {isa = PBXFileReference; lastKnownFileType = sourcecode.c.h; path = ofxOsc.h; sourceTree = "<group>"; };
		94056C9C1D141EE700EDBC46 /* ofxOscArg.h */ = {isa = PBXFileReference; lastKnownFileType = sourcecode.c.h; path = ofxOscArg.h; sourceTree = "<group>"; };
		94056C9D1D141EE700EDBC46 /* ofxOscBundle.cpp */ = {isa = PBXFileReference; lastKnownFileType = sourcecode.cpp.cpp; path = ofxOscBundle.cpp; sourceTree = "<group>"; };
		94056C9E1D141EE700EDBC46 /* ofxOscBundle.h */ = {isa = PBXFileReference; lastKnownFileType = sourcecode.c.h; path = ofxOscBundle.h; sourceTree = "<group>"; };
		94056C9F1D141EE700EDBC46 /* ofxOscMessage.cpp */ = {isa = PBXFileReference; lastKnownFileType = sourcecode.cpp.cpp; path = ofxOscMessage.cpp; sourceTree = "<group>"; };
		94056CA01D141EE700EDBC46 /* ofxOscMessage.h */ = {isa = PBXFileReference; lastKnownFileType = sourcecode.c.h; path = ofxOscMessage.h; sourceTree = "<group>"; };
		94056CA11D141EE700EDBC46 /* ofxOscParameterSync.cpp */ = {isa = PBXFileReference; lastKnownFileType = sourcecode.cpp.cpp; path = ofxOscParameterSync.cpp; sourceTree = "<group>"; };
		94056CA21D141EE700EDBC46 /* ofxOscParameterSync.h */ = {isa = PBXFileReference; lastKnownFileType = sourcecode.c.h; path = ofxOscParameterSync.h; sourceTree = "<group>"; };
		94056CA31D141EE700EDBC46 /* ofxOscReceiver.cpp */ = {isa = PBXFileReference; lastKnownFileType = sourcecode.cpp.cpp; path = ofxOscReceiver.cpp; sourceTree = "<group>"; };
		94056CA41D141EE700EDBC46 /* ofxOscReceiver.h */ = {isa = PBXFileReference; lastKnownFileType = sourcecode.c.h; path = ofxOscReceiver.h; sourceTree = "<group>"; };
		94056CA51D141EE700EDBC46 /* ofxOscSender.cpp */ = {isa = PBXFileReference; lastKnownFileType = sourcecode.cpp.cpp; path = ofxOscSender.cpp; sourceTree = "<group>"; };
		94056CA61D141EE700EDBC46 /* ofxOscSender.h */ = {isa = PBXFileReference; lastKnownFileType = sourcecode.c.h; path = ofxOscSender.h; sourceTree = "<group>"; };
		94056CAB1D141EE700EDBC46 /* IpEndpointName.cpp */ = {isa = PBXFileReference; lastKnownFileType = sourcecode.cpp.cpp; path = IpEndpointName.cpp; sourceTree = "<group>"; };
		94056CAC1D141EE700EDBC46 /* IpEndpointName.h */ = {isa = PBXFileReference; lastKnownFileType = sourcecode.c.h; path = IpEndpointName.h; sourceTree = "<group>"; };
		94056CAD1D141EE700EDBC46 /* NetworkingUtils.h */ = {isa = PBXFileReference; lastKnownFileType = sourcecode.c.h; path = NetworkingUtils.h; sourceTree = "<group>"; };
		94056CAE1D141EE700EDBC46 /* PacketListener.h */ = {isa = PBXFileReference; lastKnownFileType = sourcecode.c.h; path = PacketListener.h; sourceTree = "<group>"; };
		94056CB01D141EE700EDBC46 /* NetworkingUtils.cpp */ = {isa = PBXFileReference; lastKnownFileType = sourcecode.cpp.cpp; path = NetworkingUtils.cpp; sourceTree = "<group>"; };
		94056CB11D141EE700EDBC46 /* UdpSocket.cpp */ = {isa = PBXFileReference; lastKnownFileType = sourcecode.cpp.cpp; path = UdpSocket.cpp; sourceTree = "<group>"; };
		94056CB21D141EE700EDBC46 /* TimerListener.h */ = {isa = PBXFileReference; lastKnownFileType = sourcecode.c.h; path = TimerListener.h; sourceTree = "<group>"; };
		94056CB31D141EE700EDBC46 /* UdpSocket.h */ = {isa = PBXFileReference; lastKnownFileType = sourcecode.c.h; path = UdpSocket.h; sourceTree = "<group>"; };
		94056CB81D141EE700EDBC46 /* MessageMappingOscPacketListener.h */ = {isa = PBXFileReference; lastKnownFileType = sourcecode.c.h; path = MessageMappingOscPacketListener.h; sourceTree = "<group>"; };
		94056CB91D141EE700EDBC46 /* OscException.h */ = {isa = PBXFileReference; lastKnownFileType = sourcecode.c.h; path = OscException.h; sourceTree = "<group>"; };
		94056CBA1D141EE700EDBC46 /* OscHostEndianness.h */ = {isa = PBXFileReference; lastKnownFileType = sourcecode.c.h; path = OscHostEndianness.h; sourceTree = "<group>"; };
		94056CBB1D141EE700EDBC46 /* OscOutboundPacketStream.cpp */ = {isa = PBXFileReference; lastKnownFileType = sourcecode.cpp.cpp; path = OscOutboundPacketStream.cpp; sourceTree = "<group>"; };
		94056CBC1D141EE700EDBC46 /* OscOutboundPacketStream.h */ = {isa = PBXFileReference; lastKnownFileType = sourcecode.c.h; path = OscOutboundPacketStream.h; sourceTree = "<group>"; };
		94056CBD1D141EE700EDBC46 /* OscPacketListener.h */ = {isa = PBXFileReference; lastKnownFileType = sourcecode.c.h; path = OscPacketListener.h; sourceTree = "<group>"; };
		94056CBE1D141EE700EDBC46 /* OscPrintReceivedElements.cpp */ = {isa = PBXFileReference; lastKnownFileType = sourcecode.cpp.cpp; path = OscPrintReceivedElements.cpp; sourceTree = "<group>"; };
		94056CBF1D141EE700EDBC46 /* OscPrintReceivedElements.h */ = {isa = PBXFileReference; lastKnownFileType = sourcecode.c.h; path = OscPrintReceivedElements.h; sourceTree = "<group>"; };
		94056CC01D141EE700EDBC46 /* OscReceivedElements.cpp */ = {isa = PBXFileReference; lastKnownFileType = sourcecode.cpp.cpp; path = OscReceivedElements.cpp; sourceTree = "<group>"; };
		94056CC11D141EE700EDBC46 /* OscReceivedElements.h */ = {isa = PBXFileReference; lastKnownFileType = sourcecode.c.h; path = OscReceivedElements.h; sourceTree = "<group>"; };
		94056CC21D141EE700EDBC46 /* OscTypes.cpp */ = {isa = PBXFileReference; lastKnownFileType = sourcecode.cpp.cpp; path = OscTypes.cpp; sourceTree = "<group>"; };
		94056CC31D141EE700EDBC46 /* OscTypes.h */ = {isa = PBXFileReference; lastKnownFileType = sourcecode.c.h; path = OscTypes.h; sourceTree = "<group>"; };
		E4328143138ABC890047C5CB /* openFrameworksLib.xcodeproj */ = {isa = PBXFileReference; lastKnownFileType = "wrapper.pb-project"; name = openFrameworksLib.xcodeproj; path = ../../../libs/openFrameworksCompiled/project/osx/openFrameworksLib.xcodeproj; sourceTree = SOURCE_ROOT; };
		E4B69B5B0A3A1756003C02F2 /* exampleDebug.app */ = {isa = PBXFileReference; explicitFileType = wrapper.application; includeInIndex = 0; path = exampleDebug.app; sourceTree = BUILT_PRODUCTS_DIR; };
		E4B69E1D0A3A1BDC003C02F2 /* main.cpp */ = {isa = PBXFileReference; fileEncoding = 30; lastKnownFileType = sourcecode.cpp.cpp; name = main.cpp; path = src/main.cpp; sourceTree = SOURCE_ROOT; };
		E4B69E1E0A3A1BDC003C02F2 /* ofApp.cpp */ = {isa = PBXFileReference; explicitFileType = sourcecode.cpp.cpp; fileEncoding = 30; name = ofApp.cpp; path = src/ofApp.cpp; sourceTree = SOURCE_ROOT; };
		E4B69E1F0A3A1BDC003C02F2 /* ofApp.h */ = {isa = PBXFileReference; fileEncoding = 30; lastKnownFileType = sourcecode.c.h; name = ofApp.h; path = src/ofApp.h; sourceTree = SOURCE_ROOT; };
		E4B6FCAD0C3E899E008CF71C /* openFrameworks-Info.plist */ = {isa = PBXFileReference; fileEncoding = 30; lastKnownFileType = text.plist.xml; path = "openFrameworks-Info.plist"; sourceTree = "<group>"; };
		E4EB691F138AFCF100A09F29 /* CoreOF.xcconfig */ = {isa = PBXFileReference; fileEncoding = 4; lastKnownFileType = text.xcconfig; name = CoreOF.xcconfig; path = ../../../libs/openFrameworksCompiled/project/osx/CoreOF.xcconfig; sourceTree = SOURCE_ROOT; };
		E4EB6923138AFD0F00A09F29 /* Project.xcconfig */ = {isa = PBXFileReference; fileEncoding = 4; lastKnownFileType = text.xcconfig; path = Project.xcconfig; sourceTree = "<group>"; };
/* End PBXFileReference section */

/* Begin PBXFrameworksBuildPhase section */
		E4B69B590A3A1756003C02F2 /* Frameworks */ = {
			isa = PBXFrameworksBuildPhase;
			buildActionMask = 2147483647;
			files = (
				E4328149138ABC9F0047C5CB /* openFrameworksDebug.a in Frameworks */,
			);
			runOnlyForDeploymentPostprocessing = 0;
		};
/* End PBXFrameworksBuildPhase section */

/* Begin PBXGroup section */
		6948EE371B920CB800B5AC1A /* local_addons */ = {
			isa = PBXGroup;
			children = (
			);
			name = local_addons;
			sourceTree = "<group>";
		};
		94056BA31D141EC100EDBC46 /* ofxMediaWiki */ = {
			isa = PBXGroup;
			children = (
				94056BA41D141EC100EDBC46 /* src */,
			);
			name = ofxMediaWiki;
			sourceTree = "<group>";
		};
		94056BA41D141EC100EDBC46 /* src */ = {
			isa = PBXGroup;
			children = (
				94056BA51D141EC100EDBC46 /* ofxMediaWiki.cpp */,
				94056BA61D141EC100EDBC46 /* ofxMediaWiki.hpp */,
				94056BA71D141EC100EDBC46 /* ofxTextWriter.h */,
			);
			name = src;
			path = ../src;
			sourceTree = "<group>";
		};
		94056BA91D141ED100EDBC46 /* ofxHttpUtils */ = {
			isa = PBXGroup;
			children = (
				94056BAA1D141ED100EDBC46 /* src */,
			);
			name = ofxHttpUtils;
			sourceTree = "<group>";
		};
		94056BAA1D141ED100EDBC46 /* src */ = {
			isa = PBXGroup;
			children = (
				94056BAB1D141ED100EDBC46 /* ofxHttpTypes.h */,
				94056BAC1D141ED100EDBC46 /* ofxHttpUtils.cpp */,
				94056BAD1D141ED100EDBC46 /* ofxHttpUtils.h */,
			);
			name = src;
			path = ../../ofxHttpUtils/src;
			sourceTree = "<group>";
		};
		94056C991D141EE700EDBC46 /* ofxOsc */ = {
			isa = PBXGroup;
			children = (
				94056C9A1D141EE700EDBC46 /* src */,
				94056CA71D141EE700EDBC46 /* libs */,
			);
			name = ofxOsc;
			sourceTree = "<group>";
		};
		94056C9A1D141EE700EDBC46 /* src */ = {
			isa = PBXGroup;
			children = (
				94056C9B1D141EE700EDBC46 /* ofxOsc.h */,
				94056C9C1D141EE700EDBC46 /* ofxOscArg.h */,
				94056C9D1D141EE700EDBC46 /* ofxOscBundle.cpp */,
				94056C9E1D141EE700EDBC46 /* ofxOscBundle.h */,
				94056C9F1D141EE700EDBC46 /* ofxOscMessage.cpp */,
				94056CA01D141EE700EDBC46 /* ofxOscMessage.h */,
				94056CA11D141EE700EDBC46 /* ofxOscParameterSync.cpp */,
				94056CA21D141EE700EDBC46 /* ofxOscParameterSync.h */,
				94056CA31D141EE700EDBC46 /* ofxOscReceiver.cpp */,
				94056CA41D141EE700EDBC46 /* ofxOscReceiver.h */,
				94056CA51D141EE700EDBC46 /* ofxOscSender.cpp */,
				94056CA61D141EE700EDBC46 /* ofxOscSender.h */,
			);
			name = src;
			path = ../../ofxOsc/src;
			sourceTree = "<group>";
		};
		94056CA71D141EE700EDBC46 /* libs */ = {
			isa = PBXGroup;
			children = (
				94056CA81D141EE700EDBC46 /* oscpack */,
			);
			name = libs;
			path = ../../ofxOsc/libs;
			sourceTree = "<group>";
		};
		94056CA81D141EE700EDBC46 /* oscpack */ = {
			isa = PBXGroup;
			children = (
				94056CA91D141EE700EDBC46 /* src */,
			);
			path = oscpack;
			sourceTree = "<group>";
		};
		94056CA91D141EE700EDBC46 /* src */ = {
			isa = PBXGroup;
			children = (
				94056CAA1D141EE700EDBC46 /* ip */,
				94056CB71D141EE700EDBC46 /* osc */,
			);
			path = src;
			sourceTree = "<group>";
		};
		94056CAA1D141EE700EDBC46 /* ip */ = {
			isa = PBXGroup;
			children = (
				94056CAB1D141EE700EDBC46 /* IpEndpointName.cpp */,
				94056CAC1D141EE700EDBC46 /* IpEndpointName.h */,
				94056CAD1D141EE700EDBC46 /* NetworkingUtils.h */,
				94056CAE1D141EE700EDBC46 /* PacketListener.h */,
				94056CAF1D141EE700EDBC46 /* posix */,
				94056CB21D141EE700EDBC46 /* TimerListener.h */,
				94056CB31D141EE700EDBC46 /* UdpSocket.h */,
			);
			path = ip;
			sourceTree = "<group>";
		};
		94056CAF1D141EE700EDBC46 /* posix */ = {
			isa = PBXGroup;
			children = (
				94056CB01D141EE700EDBC46 /* NetworkingUtils.cpp */,
				94056CB11D141EE700EDBC46 /* UdpSocket.cpp */,
			);
			path = posix;
			sourceTree = "<group>";
		};
		94056CB71D141EE700EDBC46 /* osc */ = {
			isa = PBXGroup;
			children = (
				94056CB81D141EE700EDBC46 /* MessageMappingOscPacketListener.h */,
				94056CB91D141EE700EDBC46 /* OscException.h */,
				94056CBA1D141EE700EDBC46 /* OscHostEndianness.h */,
				94056CBB1D141EE700EDBC46 /* OscOutboundPacketStream.cpp */,
				94056CBC1D141EE700EDBC46 /* OscOutboundPacketStream.h */,
				94056CBD1D141EE700EDBC46 /* OscPacketListener.h */,
				94056CBE1D141EE700EDBC46 /* OscPrintReceivedElements.cpp */,
				94056CBF1D141EE700EDBC46 /* OscPrintReceivedElements.h */,
				94056CC01D141EE700EDBC46 /* OscReceivedElements.cpp */,
				94056CC11D141EE700EDBC46 /* OscReceivedElements.h */,
				94056CC21D141EE700EDBC46 /* OscTypes.cpp */,
				94056CC31D141EE700EDBC46 /* OscTypes.h */,
			);
			path = osc;
			sourceTree = "<group>";
		};
		BB4B014C10F69532006C3DED /* addons */ = {
			isa = PBXGroup;
			children = (
				94056BA31D141EC100EDBC46 /* ofxMediaWiki */,
				94056BA91D141ED100EDBC46 /* ofxHttpUtils */,
				94056C991D141EE700EDBC46 /* ofxOsc */,
			);
			name = addons;
			sourceTree = "<group>";
		};
		E4328144138ABC890047C5CB /* Products */ = {
			isa = PBXGroup;
			children = (
				E4328148138ABC890047C5CB /* openFrameworksDebug.a */,
			);
			name = Products;
			sourceTree = "<group>";
		};
		E4B69B4A0A3A1720003C02F2 = {
			isa = PBXGroup;
			children = (
				E4B6FCAD0C3E899E008CF71C /* openFrameworks-Info.plist */,
				E4EB6923138AFD0F00A09F29 /* Project.xcconfig */,
				E4B69E1C0A3A1BDC003C02F2 /* src */,
				E4EEC9E9138DF44700A80321 /* openFrameworks */,
				BB4B014C10F69532006C3DED /* addons */,
				6948EE371B920CB800B5AC1A /* local_addons */,
				E4B69B5B0A3A1756003C02F2 /* exampleDebug.app */,
			);
			sourceTree = "<group>";
		};
		E4B69E1C0A3A1BDC003C02F2 /* src */ = {
			isa = PBXGroup;
			children = (
				E4B69E1D0A3A1BDC003C02F2 /* main.cpp */,
				E4B69E1E0A3A1BDC003C02F2 /* ofApp.cpp */,
				E4B69E1F0A3A1BDC003C02F2 /* ofApp.h */,
			);
			path = src;
			sourceTree = SOURCE_ROOT;
		};
		E4EEC9E9138DF44700A80321 /* openFrameworks */ = {
			isa = PBXGroup;
			children = (
				E4EB691F138AFCF100A09F29 /* CoreOF.xcconfig */,
				E4328143138ABC890047C5CB /* openFrameworksLib.xcodeproj */,
			);
			name = openFrameworks;
			sourceTree = "<group>";
		};
/* End PBXGroup section */

/* Begin PBXNativeTarget section */
		E4B69B5A0A3A1756003C02F2 /* example */ = {
			isa = PBXNativeTarget;
			buildConfigurationList = E4B69B5F0A3A1757003C02F2 /* Build configuration list for PBXNativeTarget "example" */;
			buildPhases = (
				E4B69B580A3A1756003C02F2 /* Sources */,
				E4B69B590A3A1756003C02F2 /* Frameworks */,
				E4B6FFFD0C3F9AB9008CF71C /* ShellScript */,
				E4C2427710CC5ABF004149E2 /* CopyFiles */,
			);
			buildRules = (
			);
			dependencies = (
				E4EEB9AC138B136A00A80321 /* PBXTargetDependency */,
			);
			name = example;
			productName = myOFApp;
			productReference = E4B69B5B0A3A1756003C02F2 /* exampleDebug.app */;
			productType = "com.apple.product-type.application";
		};
/* End PBXNativeTarget section */

/* Begin PBXProject section */
		E4B69B4C0A3A1720003C02F2 /* Project object */ = {
			isa = PBXProject;
			attributes = {
				LastUpgradeCheck = 0600;
			};
			buildConfigurationList = E4B69B4D0A3A1720003C02F2 /* Build configuration list for PBXProject "example" */;
			compatibilityVersion = "Xcode 3.2";
			developmentRegion = English;
			hasScannedForEncodings = 0;
			knownRegions = (
				English,
				Japanese,
				French,
				German,
			);
			mainGroup = E4B69B4A0A3A1720003C02F2;
			productRefGroup = E4B69B4A0A3A1720003C02F2;
			projectDirPath = "";
			projectReferences = (
				{
					ProductGroup = E4328144138ABC890047C5CB /* Products */;
					ProjectRef = E4328143138ABC890047C5CB /* openFrameworksLib.xcodeproj */;
				},
			);
			projectRoot = "";
			targets = (
				E4B69B5A0A3A1756003C02F2 /* example */,
			);
		};
/* End PBXProject section */

/* Begin PBXReferenceProxy section */
		E4328148138ABC890047C5CB /* openFrameworksDebug.a */ = {
			isa = PBXReferenceProxy;
			fileType = archive.ar;
			path = openFrameworksDebug.a;
			remoteRef = E4328147138ABC890047C5CB /* PBXContainerItemProxy */;
			sourceTree = BUILT_PRODUCTS_DIR;
		};
/* End PBXReferenceProxy section */

/* Begin PBXShellScriptBuildPhase section */
		E4B6FFFD0C3F9AB9008CF71C /* ShellScript */ = {
			isa = PBXShellScriptBuildPhase;
			buildActionMask = 2147483647;
			files = (
			);
			inputPaths = (
			);
			outputPaths = (
			);
			runOnlyForDeploymentPostprocessing = 0;
			shellPath = /bin/sh;
			shellScript = "mkdir -p \"$TARGET_BUILD_DIR/$PRODUCT_NAME.app/Contents/Resources/\"\n# Copy default icon file into App/Resources\nrsync -aved \"$ICON_FILE\" \"$TARGET_BUILD_DIR/$PRODUCT_NAME.app/Contents/Resources/\"\n# Copy libfmod and change install directory for fmod to run\nrsync -aved ../../../libs/fmodex/lib/osx/libfmodex.dylib \"$TARGET_BUILD_DIR/$PRODUCT_NAME.app/Contents/Frameworks/\";\ninstall_name_tool -change @executable_path/libfmodex.dylib @executable_path/../Frameworks/libfmodex.dylib \"$TARGET_BUILD_DIR/$PRODUCT_NAME.app/Contents/MacOS/$PRODUCT_NAME\";\n# Copy GLUT framework (must remove for AppStore submissions)\nrsync -aved ../../../libs/glut/lib/osx/GLUT.framework \"$TARGET_BUILD_DIR/$PRODUCT_NAME.app/Contents/Frameworks/\"\n";
		};
/* End PBXShellScriptBuildPhase section */

/* Begin PBXSourcesBuildPhase section */
		E4B69B580A3A1756003C02F2 /* Sources */ = {
			isa = PBXSourcesBuildPhase;
			buildActionMask = 2147483647;
			files = (
				94056CC81D141EE700EDBC46 /* ofxOscSender.cpp in Sources */,
				E4B69E200A3A1BDC003C02F2 /* main.cpp in Sources */,
				94056CC61D141EE700EDBC46 /* ofxOscParameterSync.cpp in Sources */,
				94056CC71D141EE700EDBC46 /* ofxOscReceiver.cpp in Sources */,
				94056CCB1D141EE700EDBC46 /* UdpSocket.cpp in Sources */,
				94056CC51D141EE700EDBC46 /* ofxOscMessage.cpp in Sources */,
				94056CCE1D141EE700EDBC46 /* OscReceivedElements.cpp in Sources */,
				94056CCF1D141EE700EDBC46 /* OscTypes.cpp in Sources */,
				94056CC41D141EE700EDBC46 /* ofxOscBundle.cpp in Sources */,
				94056BA81D141EC100EDBC46 /* ofxMediaWiki.cpp in Sources */,
				E4B69E210A3A1BDC003C02F2 /* ofApp.cpp in Sources */,
				94056CCA1D141EE700EDBC46 /* NetworkingUtils.cpp in Sources */,
				94056CC91D141EE700EDBC46 /* IpEndpointName.cpp in Sources */,
				94056CCC1D141EE700EDBC46 /* OscOutboundPacketStream.cpp in Sources */,
				94056BAE1D141ED100EDBC46 /* ofxHttpUtils.cpp in Sources */,
				94056CCD1D141EE700EDBC46 /* OscPrintReceivedElements.cpp in Sources */,
			);
			runOnlyForDeploymentPostprocessing = 0;
		};
/* End PBXSourcesBuildPhase section */

/* Begin PBXTargetDependency section */
		E4EEB9AC138B136A00A80321 /* PBXTargetDependency */ = {
			isa = PBXTargetDependency;
			name = openFrameworks;
			targetProxy = E4EEB9AB138B136A00A80321 /* PBXContainerItemProxy */;
		};
/* End PBXTargetDependency section */

/* Begin XCBuildConfiguration section */
		E4B69B4E0A3A1720003C02F2 /* Debug */ = {
			isa = XCBuildConfiguration;
			baseConfigurationReference = E4EB6923138AFD0F00A09F29 /* Project.xcconfig */;
			buildSettings = {
				CONFIGURATION_BUILD_DIR = "$(SRCROOT)/bin/";
				COPY_PHASE_STRIP = NO;
				DEAD_CODE_STRIPPING = YES;
				GCC_AUTO_VECTORIZATION = YES;
				GCC_ENABLE_SSE3_EXTENSIONS = YES;
				GCC_ENABLE_SUPPLEMENTAL_SSE3_INSTRUCTIONS = YES;
				GCC_INLINES_ARE_PRIVATE_EXTERN = NO;
				GCC_OPTIMIZATION_LEVEL = 0;
				GCC_SYMBOLS_PRIVATE_EXTERN = NO;
				GCC_WARN_ABOUT_DEPRECATED_FUNCTIONS = YES;
				GCC_WARN_ABOUT_INVALID_OFFSETOF_MACRO = NO;
				GCC_WARN_ALLOW_INCOMPLETE_PROTOCOL = NO;
				GCC_WARN_UNINITIALIZED_AUTOS = NO;
				GCC_WARN_UNUSED_VALUE = NO;
				GCC_WARN_UNUSED_VARIABLE = NO;
				MACOSX_DEPLOYMENT_TARGET = 10.8;
				ONLY_ACTIVE_ARCH = YES;
				OTHER_CPLUSPLUSFLAGS = (
					"-D__MACOSX_CORE__",
					"-mtune=native",
				);
				SDKROOT = macosx;
			};
			name = Debug;
		};
		E4B69B4F0A3A1720003C02F2 /* Release */ = {
			isa = XCBuildConfiguration;
			baseConfigurationReference = E4EB6923138AFD0F00A09F29 /* Project.xcconfig */;
			buildSettings = {
				CONFIGURATION_BUILD_DIR = "$(SRCROOT)/bin/";
				COPY_PHASE_STRIP = YES;
				DEAD_CODE_STRIPPING = YES;
				GCC_AUTO_VECTORIZATION = YES;
				GCC_ENABLE_SSE3_EXTENSIONS = YES;
				GCC_ENABLE_SUPPLEMENTAL_SSE3_INSTRUCTIONS = YES;
				GCC_INLINES_ARE_PRIVATE_EXTERN = NO;
				GCC_OPTIMIZATION_LEVEL = 3;
				GCC_SYMBOLS_PRIVATE_EXTERN = NO;
				GCC_UNROLL_LOOPS = YES;
				GCC_WARN_ABOUT_DEPRECATED_FUNCTIONS = YES;
				GCC_WARN_ABOUT_INVALID_OFFSETOF_MACRO = NO;
				GCC_WARN_ALLOW_INCOMPLETE_PROTOCOL = NO;
				GCC_WARN_UNINITIALIZED_AUTOS = NO;
				GCC_WARN_UNUSED_VALUE = NO;
				GCC_WARN_UNUSED_VARIABLE = NO;
				MACOSX_DEPLOYMENT_TARGET = 10.8;
				OTHER_CPLUSPLUSFLAGS = (
					"-D__MACOSX_CORE__",
					"-mtune=native",
				);
				SDKROOT = macosx;
			};
			name = Release;
		};
		E4B69B600A3A1757003C02F2 /* Debug */ = {
			isa = XCBuildConfiguration;
			baseConfigurationReference = E4EB6923138AFD0F00A09F29 /* Project.xcconfig */;
			buildSettings = {
				COMBINE_HIDPI_IMAGES = YES;
				COPY_PHASE_STRIP = NO;
				FRAMEWORK_SEARCH_PATHS = (
					"$(inherited)",
					"$(FRAMEWORK_SEARCH_PATHS_QUOTED_FOR_TARGET_1)",
				);
				FRAMEWORK_SEARCH_PATHS_QUOTED_FOR_TARGET_1 = "\"$(SRCROOT)/../../../libs/glut/lib/osx\"";
				GCC_DYNAMIC_NO_PIC = NO;
				GCC_GENERATE_DEBUGGING_SYMBOLS = YES;
				GCC_MODEL_TUNING = NONE;
				HEADER_SEARCH_PATHS = (
					"$(OF_CORE_HEADERS)",
					../../../addons/ofxOsc/libs/oscpack/src,
					../../../addons/ofxHttpUtils/src,
				);
				ICON = "$(ICON_NAME_DEBUG)";
				ICON_FILE = "$(ICON_FILE_PATH)$(ICON)";
				INFOPLIST_FILE = "openFrameworks-Info.plist";
				INSTALL_PATH = /Applications;
				LIBRARY_SEARCH_PATHS = "$(inherited)";
				PRODUCT_NAME = "$(TARGET_NAME)Debug";
				USER_HEADER_SEARCH_PATHS = ../../ofxOpenCv/libs/opencv/include/;
				WRAPPER_EXTENSION = app;
			};
			name = Debug;
		};
		E4B69B610A3A1757003C02F2 /* Release */ = {
			isa = XCBuildConfiguration;
			baseConfigurationReference = E4EB6923138AFD0F00A09F29 /* Project.xcconfig */;
			buildSettings = {
				COMBINE_HIDPI_IMAGES = YES;
				COPY_PHASE_STRIP = YES;
				FRAMEWORK_SEARCH_PATHS = (
					"$(inherited)",
					"$(FRAMEWORK_SEARCH_PATHS_QUOTED_FOR_TARGET_1)",
				);
				FRAMEWORK_SEARCH_PATHS_QUOTED_FOR_TARGET_1 = "\"$(SRCROOT)/../../../libs/glut/lib/osx\"";
				GCC_GENERATE_DEBUGGING_SYMBOLS = YES;
				GCC_MODEL_TUNING = NONE;
				HEADER_SEARCH_PATHS = (
					"$(OF_CORE_HEADERS)",
					../../../addons/ofxOsc/libs/oscpack/src,
					../../../addons/ofxHttpUtils/src,
				);
				ICON = "$(ICON_NAME_RELEASE)";
				ICON_FILE = "$(ICON_FILE_PATH)$(ICON)";
				INFOPLIST_FILE = "openFrameworks-Info.plist";
				INSTALL_PATH = /Applications;
				LIBRARY_SEARCH_PATHS = "$(inherited)";
				PRODUCT_NAME = "$(TARGET_NAME)";
				USER_HEADER_SEARCH_PATHS = ../../ofxOpenCv/libs/opencv/include/;
				WRAPPER_EXTENSION = app;
				baseConfigurationReference = E4EB6923138AFD0F00A09F29;
			};
			name = Release;
		};
/* End XCBuildConfiguration section */

/* Begin XCConfigurationList section */
		E4B69B4D0A3A1720003C02F2 /* Build configuration list for PBXProject "example" */ = {
			isa = XCConfigurationList;
			buildConfigurations = (
				E4B69B4E0A3A1720003C02F2 /* Debug */,
				E4B69B4F0A3A1720003C02F2 /* Release */,
			);
			defaultConfigurationIsVisible = 0;
			defaultConfigurationName = Release;
		};
		E4B69B5F0A3A1757003C02F2 /* Build configuration list for PBXNativeTarget "example" */ = {
			isa = XCConfigurationList;
			buildConfigurations = (
				E4B69B600A3A1757003C02F2 /* Debug */,
				E4B69B610A3A1757003C02F2 /* Release */,
			);
			defaultConfigurationIsVisible = 0;
			defaultConfigurationName = Release;
		};
/* End XCConfigurationList section */
	};
	rootObject = E4B69B4C0A3A1720003C02F2 /* Project object */;
}
